// !$*UTF8*$!
{
	archiveVersion = 1;
	classes = {
	};
	objectVersion = 56;
	objects = {

/* Begin PBXBuildFile section */
		EB08354D2B65067800D891C0 /* String+Extension.swift in Sources */ = {isa = PBXBuildFile; fileRef = EB08354C2B65067800D891C0 /* String+Extension.swift */; };
		EB0835512B65081500D891C0 /* Localizable.strings in Resources */ = {isa = PBXBuildFile; fileRef = EB0835532B65081500D891C0 /* Localizable.strings */; };
		EB20B8FF2B516C3300848184 /* AppDelegate.swift in Sources */ = {isa = PBXBuildFile; fileRef = EB20B8FE2B516C3300848184 /* AppDelegate.swift */; };
		EB20B9012B516C3300848184 /* SceneDelegate.swift in Sources */ = {isa = PBXBuildFile; fileRef = EB20B9002B516C3300848184 /* SceneDelegate.swift */; };
		EB20B9182B51743D00848184 /* MainTabbarViewController.swift in Sources */ = {isa = PBXBuildFile; fileRef = EB20B9172B51743D00848184 /* MainTabbarViewController.swift */; };
		EB20B91C2B51776700848184 /* HomeViewController.swift in Sources */ = {isa = PBXBuildFile; fileRef = EB20B91B2B51776700848184 /* HomeViewController.swift */; };
		EB20B91E2B51777800848184 /* FavoriteViewController.swift in Sources */ = {isa = PBXBuildFile; fileRef = EB20B91D2B51777800848184 /* FavoriteViewController.swift */; };
		EB20B9212B51787E00848184 /* StringConstants.swift in Sources */ = {isa = PBXBuildFile; fileRef = EB20B9202B51787E00848184 /* StringConstants.swift */; };
		EB20B9242B517A6300848184 /* SystemImageEnums.swift in Sources */ = {isa = PBXBuildFile; fileRef = EB20B9232B517A6300848184 /* SystemImageEnums.swift */; };
		EB20B9272B518F2A00848184 /* Lottie in Frameworks */ = {isa = PBXBuildFile; productRef = EB20B9262B518F2A00848184 /* Lottie */; };
		EB20B92F2B51A0BB00848184 /* LaunchScreenViewController.swift in Sources */ = {isa = PBXBuildFile; fileRef = EB20B92E2B51A0BB00848184 /* LaunchScreenViewController.swift */; };
		EB20B9342B51B22400848184 /* AnimationEnums.swift in Sources */ = {isa = PBXBuildFile; fileRef = EB20B9332B51B22400848184 /* AnimationEnums.swift */; };
		EB20B9362B51B91900848184 /* ImageSizeEnums.swift in Sources */ = {isa = PBXBuildFile; fileRef = EB20B9352B51B91900848184 /* ImageSizeEnums.swift */; };
		EB20B9382B51C78400848184 /* Assets.xcassets in Resources */ = {isa = PBXBuildFile; fileRef = EB20B9372B51C78400848184 /* Assets.xcassets */; };
		EB20B93A2B51CBD400848184 /* ImageEnums.swift in Sources */ = {isa = PBXBuildFile; fileRef = EB20B9392B51CBD400848184 /* ImageEnums.swift */; };
		EB20B93C2B51D37A00848184 /* TextSizeEnums.swift in Sources */ = {isa = PBXBuildFile; fileRef = EB20B93B2B51D37A00848184 /* TextSizeEnums.swift */; };
		EB20B93F2B51D66D00848184 /* BilboSwashCaps-Regular.ttf in Resources */ = {isa = PBXBuildFile; fileRef = EB20B93E2B51D66D00848184 /* BilboSwashCaps-Regular.ttf */; };
		EB20B9412B51DF0600848184 /* Aldrich-Regular.ttf in Resources */ = {isa = PBXBuildFile; fileRef = EB20B9402B51DF0600848184 /* Aldrich-Regular.ttf */; };
		EB20B9432B51E25F00848184 /* SpaceEnums.swift in Sources */ = {isa = PBXBuildFile; fileRef = EB20B9422B51E25F00848184 /* SpaceEnums.swift */; };
		EB53E5E32B61206E00578E86 /* OnboardViewController.swift in Sources */ = {isa = PBXBuildFile; fileRef = EB53E5E22B61206E00578E86 /* OnboardViewController.swift */; };
		EB53E5ED2B61299000578E86 /* Theme.swift in Sources */ = {isa = PBXBuildFile; fileRef = EB53E5EC2B61299000578E86 /* Theme.swift */; };
		EB53E5EF2B612A2D00578E86 /* ThemeColor.swift in Sources */ = {isa = PBXBuildFile; fileRef = EB53E5EE2B612A2C00578E86 /* ThemeColor.swift */; };
		EB53E5F12B612A3500578E86 /* ThemeFont.swift in Sources */ = {isa = PBXBuildFile; fileRef = EB53E5F02B612A3500578E86 /* ThemeFont.swift */; };
		EB53E5F42B612FDA00578E86 /* UIFont+Extensions.swift in Sources */ = {isa = PBXBuildFile; fileRef = EB53E5F32B612FDA00578E86 /* UIFont+Extensions.swift */; };
		EB53E5F72B6139A600578E86 /* OnboardModel.swift in Sources */ = {isa = PBXBuildFile; fileRef = EB53E5F62B6139A600578E86 /* OnboardModel.swift */; };
		EB53E5F92B613A1400578E86 /* OnboardViewModel.swift in Sources */ = {isa = PBXBuildFile; fileRef = EB53E5F82B613A1400578E86 /* OnboardViewModel.swift */; };
		EB53E5FB2B6144D300578E86 /* Collection.swift in Sources */ = {isa = PBXBuildFile; fileRef = EB53E5FA2B6144D300578E86 /* Collection.swift */; };
		EB53E5FE2B616C2800578E86 /* CacheItems.swift in Sources */ = {isa = PBXBuildFile; fileRef = EB53E5FD2B616C2800578E86 /* CacheItems.swift */; };
		EB53E6022B6173FD00578E86 /* LoginViewController.swift in Sources */ = {isa = PBXBuildFile; fileRef = EB53E6012B6173FD00578E86 /* LoginViewController.swift */; };
		EB91B4442B80BDEB00841C16 /* FontConstants.swift in Sources */ = {isa = PBXBuildFile; fileRef = EB91B4432B80BDEB00841C16 /* FontConstants.swift */; };
/* End PBXBuildFile section */

/* Begin PBXFileReference section */
		EB08354C2B65067800D891C0 /* String+Extension.swift */ = {isa = PBXFileReference; lastKnownFileType = sourcecode.swift; path = "String+Extension.swift"; sourceTree = "<group>"; };
		EB0835522B65081500D891C0 /* en */ = {isa = PBXFileReference; lastKnownFileType = text.plist.strings; name = en; path = en.lproj/Localizable.strings; sourceTree = "<group>"; };
		EB0835542B65081700D891C0 /* tr */ = {isa = PBXFileReference; lastKnownFileType = text.plist.strings; name = tr; path = tr.lproj/Localizable.strings; sourceTree = "<group>"; };
		EB20B8FB2B516C3300848184 /* Travelogue-Swift.app */ = {isa = PBXFileReference; explicitFileType = wrapper.application; includeInIndex = 0; path = "Travelogue-Swift.app"; sourceTree = BUILT_PRODUCTS_DIR; };
		EB20B8FE2B516C3300848184 /* AppDelegate.swift */ = {isa = PBXFileReference; lastKnownFileType = sourcecode.swift; path = AppDelegate.swift; sourceTree = "<group>"; };
		EB20B9002B516C3300848184 /* SceneDelegate.swift */ = {isa = PBXFileReference; lastKnownFileType = sourcecode.swift; path = SceneDelegate.swift; sourceTree = "<group>"; };
		EB20B90C2B516C3400848184 /* Info.plist */ = {isa = PBXFileReference; lastKnownFileType = text.plist.xml; path = Info.plist; sourceTree = "<group>"; };
		EB20B9172B51743D00848184 /* MainTabbarViewController.swift */ = {isa = PBXFileReference; lastKnownFileType = sourcecode.swift; path = MainTabbarViewController.swift; sourceTree = "<group>"; };
		EB20B91B2B51776700848184 /* HomeViewController.swift */ = {isa = PBXFileReference; lastKnownFileType = sourcecode.swift; path = HomeViewController.swift; sourceTree = "<group>"; };
		EB20B91D2B51777800848184 /* FavoriteViewController.swift */ = {isa = PBXFileReference; lastKnownFileType = sourcecode.swift; path = FavoriteViewController.swift; sourceTree = "<group>"; };
		EB20B9202B51787E00848184 /* StringConstants.swift */ = {isa = PBXFileReference; lastKnownFileType = sourcecode.swift; path = StringConstants.swift; sourceTree = "<group>"; };
		EB20B9232B517A6300848184 /* SystemImageEnums.swift */ = {isa = PBXFileReference; lastKnownFileType = sourcecode.swift; path = SystemImageEnums.swift; sourceTree = "<group>"; };
		EB20B92E2B51A0BB00848184 /* LaunchScreenViewController.swift */ = {isa = PBXFileReference; lastKnownFileType = sourcecode.swift; path = LaunchScreenViewController.swift; sourceTree = "<group>"; };
		EB20B9332B51B22400848184 /* AnimationEnums.swift */ = {isa = PBXFileReference; lastKnownFileType = sourcecode.swift; path = AnimationEnums.swift; sourceTree = "<group>"; };
		EB20B9352B51B91900848184 /* ImageSizeEnums.swift */ = {isa = PBXFileReference; lastKnownFileType = sourcecode.swift; path = ImageSizeEnums.swift; sourceTree = "<group>"; };
		EB20B9372B51C78400848184 /* Assets.xcassets */ = {isa = PBXFileReference; lastKnownFileType = folder.assetcatalog; path = Assets.xcassets; sourceTree = "<group>"; };
		EB20B9392B51CBD400848184 /* ImageEnums.swift */ = {isa = PBXFileReference; lastKnownFileType = sourcecode.swift; path = ImageEnums.swift; sourceTree = "<group>"; };
		EB20B93B2B51D37A00848184 /* TextSizeEnums.swift */ = {isa = PBXFileReference; lastKnownFileType = sourcecode.swift; path = TextSizeEnums.swift; sourceTree = "<group>"; };
		EB20B93E2B51D66D00848184 /* BilboSwashCaps-Regular.ttf */ = {isa = PBXFileReference; lastKnownFileType = file; path = "BilboSwashCaps-Regular.ttf"; sourceTree = "<group>"; };
		EB20B9402B51DF0600848184 /* Aldrich-Regular.ttf */ = {isa = PBXFileReference; lastKnownFileType = file; path = "Aldrich-Regular.ttf"; sourceTree = "<group>"; };
		EB20B9422B51E25F00848184 /* SpaceEnums.swift */ = {isa = PBXFileReference; lastKnownFileType = sourcecode.swift; path = SpaceEnums.swift; sourceTree = "<group>"; };
		EB53E5E22B61206E00578E86 /* OnboardViewController.swift */ = {isa = PBXFileReference; lastKnownFileType = sourcecode.swift; path = OnboardViewController.swift; sourceTree = "<group>"; };
		EB53E5EC2B61299000578E86 /* Theme.swift */ = {isa = PBXFileReference; lastKnownFileType = sourcecode.swift; path = Theme.swift; sourceTree = "<group>"; };
		EB53E5EE2B612A2C00578E86 /* ThemeColor.swift */ = {isa = PBXFileReference; lastKnownFileType = sourcecode.swift; path = ThemeColor.swift; sourceTree = "<group>"; };
		EB53E5F02B612A3500578E86 /* ThemeFont.swift */ = {isa = PBXFileReference; lastKnownFileType = sourcecode.swift; path = ThemeFont.swift; sourceTree = "<group>"; };
		EB53E5F32B612FDA00578E86 /* UIFont+Extensions.swift */ = {isa = PBXFileReference; lastKnownFileType = sourcecode.swift; path = "UIFont+Extensions.swift"; sourceTree = "<group>"; };
		EB53E5F62B6139A600578E86 /* OnboardModel.swift */ = {isa = PBXFileReference; lastKnownFileType = sourcecode.swift; path = OnboardModel.swift; sourceTree = "<group>"; };
		EB53E5F82B613A1400578E86 /* OnboardViewModel.swift */ = {isa = PBXFileReference; lastKnownFileType = sourcecode.swift; path = OnboardViewModel.swift; sourceTree = "<group>"; };
		EB53E5FA2B6144D300578E86 /* Collection.swift */ = {isa = PBXFileReference; lastKnownFileType = sourcecode.swift; path = Collection.swift; sourceTree = "<group>"; };
		EB53E5FD2B616C2800578E86 /* CacheItems.swift */ = {isa = PBXFileReference; lastKnownFileType = sourcecode.swift; path = CacheItems.swift; sourceTree = "<group>"; };
		EB53E6012B6173FD00578E86 /* LoginViewController.swift */ = {isa = PBXFileReference; lastKnownFileType = sourcecode.swift; path = LoginViewController.swift; sourceTree = "<group>"; };
		EB91B4432B80BDEB00841C16 /* FontConstants.swift */ = {isa = PBXFileReference; lastKnownFileType = sourcecode.swift; path = FontConstants.swift; sourceTree = "<group>"; };
/* End PBXFileReference section */

/* Begin PBXFrameworksBuildPhase section */
		EB20B8F82B516C3300848184 /* Frameworks */ = {
			isa = PBXFrameworksBuildPhase;
			buildActionMask = 2147483647;
			files = (
				EB20B9272B518F2A00848184 /* Lottie in Frameworks */,
			);
			runOnlyForDeploymentPostprocessing = 0;
		};
/* End PBXFrameworksBuildPhase section */

/* Begin PBXGroup section */
		EB08354E2B6507E000D891C0 /* Localization */ = {
			isa = PBXGroup;
			children = (
				EB0835532B65081500D891C0 /* Localizable.strings */,
			);
			path = Localization;
			sourceTree = "<group>";
		};
		EB20B8F22B516C3300848184 = {
			isa = PBXGroup;
			children = (
				EB20B8FD2B516C3300848184 /* Travelogue-Swift */,
				EB20B8FC2B516C3300848184 /* Products */,
			);
			sourceTree = "<group>";
		};
		EB20B8FC2B516C3300848184 /* Products */ = {
			isa = PBXGroup;
			children = (
				EB20B8FB2B516C3300848184 /* Travelogue-Swift.app */,
			);
			name = Products;
			sourceTree = "<group>";
		};
		EB20B8FD2B516C3300848184 /* Travelogue-Swift */ = {
			isa = PBXGroup;
			children = (
				EB20B9142B516CD300848184 /* Core */,
				EB20B9132B516CCC00848184 /* Feature */,
				EB20B9122B516CC200848184 /* Product */,
			);
			path = "Travelogue-Swift";
			sourceTree = "<group>";
		};
		EB20B9122B516CC200848184 /* Product */ = {
			isa = PBXGroup;
			children = (
				EB20B9222B51798800848184 /* Enums */,
			);
			path = Product;
			sourceTree = "<group>";
		};
		EB20B9132B516CCC00848184 /* Feature */ = {
			isa = PBXGroup;
			children = (
				EB53E5FF2B6173E500578E86 /* Auth */,
				EB53E5E12B61204000578E86 /* Onboard */,
				EB20B91A2B51771200848184 /* Favorite */,
				EB20B9192B51770000848184 /* Home */,
				EB20B9162B5170D800848184 /* Splash */,
				EB20B9172B51743D00848184 /* MainTabbarViewController.swift */,
			);
			path = Feature;
			sourceTree = "<group>";
		};
		EB20B9142B516CD300848184 /* Core */ = {
			isa = PBXGroup;
			children = (
				EB08354E2B6507E000D891C0 /* Localization */,
				EB53E5FC2B616BF400578E86 /* Enum */,
				EB53E5F22B612FC500578E86 /* Extensions */,
				EB53E5EA2B61296E00578E86 /* Init */,
				EB20B93D2B51D64E00848184 /* Fonts */,
				EB20B9152B516CDE00848184 /* Supported */,
			);
			path = Core;
			sourceTree = "<group>";
		};
		EB20B9152B516CDE00848184 /* Supported */ = {
			isa = PBXGroup;
			children = (
				EB20B9372B51C78400848184 /* Assets.xcassets */,
				EB20B90C2B516C3400848184 /* Info.plist */,
				EB20B8FE2B516C3300848184 /* AppDelegate.swift */,
				EB20B9002B516C3300848184 /* SceneDelegate.swift */,
			);
			path = Supported;
			sourceTree = "<group>";
		};
		EB20B9162B5170D800848184 /* Splash */ = {
			isa = PBXGroup;
			children = (
				EB20B92E2B51A0BB00848184 /* LaunchScreenViewController.swift */,
			);
			path = Splash;
			sourceTree = "<group>";
		};
		EB20B9192B51770000848184 /* Home */ = {
			isa = PBXGroup;
			children = (
				EB20B91B2B51776700848184 /* HomeViewController.swift */,
			);
			path = Home;
			sourceTree = "<group>";
		};
		EB20B91A2B51771200848184 /* Favorite */ = {
			isa = PBXGroup;
			children = (
				EB20B91D2B51777800848184 /* FavoriteViewController.swift */,
			);
			path = Favorite;
			sourceTree = "<group>";
		};
		EB20B9222B51798800848184 /* Enums */ = {
			isa = PBXGroup;
			children = (
				EB53E5E52B6120EA00578E86 /* Path */,
				EB53E5E42B6120C700578E86 /* Size */,
			);
			path = Enums;
			sourceTree = "<group>";
		};
		EB20B93D2B51D64E00848184 /* Fonts */ = {
			isa = PBXGroup;
			children = (
				EB20B9402B51DF0600848184 /* Aldrich-Regular.ttf */,
				EB20B93E2B51D66D00848184 /* BilboSwashCaps-Regular.ttf */,
			);
			path = Fonts;
			sourceTree = "<group>";
		};
		EB53E5E12B61204000578E86 /* Onboard */ = {
			isa = PBXGroup;
			children = (
				EB53E5E22B61206E00578E86 /* OnboardViewController.swift */,
				EB53E5F62B6139A600578E86 /* OnboardModel.swift */,
				EB53E5F82B613A1400578E86 /* OnboardViewModel.swift */,
			);
			path = Onboard;
			sourceTree = "<group>";
		};
		EB53E5E42B6120C700578E86 /* Size */ = {
			isa = PBXGroup;
			children = (
				EB20B9422B51E25F00848184 /* SpaceEnums.swift */,
				EB20B93B2B51D37A00848184 /* TextSizeEnums.swift */,
				EB20B9352B51B91900848184 /* ImageSizeEnums.swift */,
			);
			path = Size;
			sourceTree = "<group>";
		};
		EB53E5E52B6120EA00578E86 /* Path */ = {
			isa = PBXGroup;
			children = (
				EB20B9232B517A6300848184 /* SystemImageEnums.swift */,
				EB20B9332B51B22400848184 /* AnimationEnums.swift */,
				EB20B9392B51CBD400848184 /* ImageEnums.swift */,
			);
			path = Path;
			sourceTree = "<group>";
		};
		EB53E5EA2B61296E00578E86 /* Init */ = {
			isa = PBXGroup;
			children = (
				EB53E5EB2B61297D00578E86 /* Theme */,
			);
			path = Init;
			sourceTree = "<group>";
		};
		EB53E5EB2B61297D00578E86 /* Theme */ = {
			isa = PBXGroup;
			children = (
				EB53E5EC2B61299000578E86 /* Theme.swift */,
				EB53E5EE2B612A2C00578E86 /* ThemeColor.swift */,
				EB53E5F02B612A3500578E86 /* ThemeFont.swift */,
			);
			path = Theme;
			sourceTree = "<group>";
		};
		EB53E5F22B612FC500578E86 /* Extensions */ = {
			isa = PBXGroup;
			children = (
				EB53E5F32B612FDA00578E86 /* UIFont+Extensions.swift */,
				EB53E5FA2B6144D300578E86 /* Collection.swift */,
				EB08354C2B65067800D891C0 /* String+Extension.swift */,
			);
			path = Extensions;
			sourceTree = "<group>";
		};
		EB53E5FC2B616BF400578E86 /* Enum */ = {
			isa = PBXGroup;
			children = (
				EB20B9202B51787E00848184 /* StringConstants.swift */,
				EB53E5FD2B616C2800578E86 /* CacheItems.swift */,
				EB91B4432B80BDEB00841C16 /* FontConstants.swift */,
			);
			path = Enum;
			sourceTree = "<group>";
		};
		EB53E5FF2B6173E500578E86 /* Auth */ = {
			isa = PBXGroup;
			children = (
				EB53E6002B6173EF00578E86 /* Login */,
			);
			path = Auth;
			sourceTree = "<group>";
		};
		EB53E6002B6173EF00578E86 /* Login */ = {
			isa = PBXGroup;
			children = (
				EB53E6012B6173FD00578E86 /* LoginViewController.swift */,
			);
			path = Login;
			sourceTree = "<group>";
		};
/* End PBXGroup section */

/* Begin PBXNativeTarget section */
		EB20B8FA2B516C3300848184 /* Travelogue-Swift */ = {
			isa = PBXNativeTarget;
			buildConfigurationList = EB20B90F2B516C3400848184 /* Build configuration list for PBXNativeTarget "Travelogue-Swift" */;
			buildPhases = (
				EB20B8F72B516C3300848184 /* Sources */,
				EB20B8F82B516C3300848184 /* Frameworks */,
				EB20B8F92B516C3300848184 /* Resources */,
			);
			buildRules = (
			);
			dependencies = (
			);
			name = "Travelogue-Swift";
			packageProductDependencies = (
				EB20B9262B518F2A00848184 /* Lottie */,
			);
			productName = "Travelogue-Swift";
			productReference = EB20B8FB2B516C3300848184 /* Travelogue-Swift.app */;
			productType = "com.apple.product-type.application";
		};
/* End PBXNativeTarget section */

/* Begin PBXProject section */
		EB20B8F32B516C3300848184 /* Project object */ = {
			isa = PBXProject;
			attributes = {
				BuildIndependentTargetsInParallel = 1;
				LastSwiftUpdateCheck = 1520;
				LastUpgradeCheck = 1520;
				TargetAttributes = {
					EB20B8FA2B516C3300848184 = {
						CreatedOnToolsVersion = 15.2;
					};
				};
			};
			buildConfigurationList = EB20B8F62B516C3300848184 /* Build configuration list for PBXProject "Travelogue-Swift" */;
			compatibilityVersion = "Xcode 14.0";
			developmentRegion = en;
			hasScannedForEncodings = 0;
			knownRegions = (
				en,
				Base,
				tr,
			);
			mainGroup = EB20B8F22B516C3300848184;
			packageReferences = (
				EB20B9252B518F2A00848184 /* XCRemoteSwiftPackageReference "lottie-ios" */,
			);
			productRefGroup = EB20B8FC2B516C3300848184 /* Products */;
			projectDirPath = "";
			projectRoot = "";
			targets = (
				EB20B8FA2B516C3300848184 /* Travelogue-Swift */,
			);
		};
/* End PBXProject section */

/* Begin PBXResourcesBuildPhase section */
		EB20B8F92B516C3300848184 /* Resources */ = {
			isa = PBXResourcesBuildPhase;
			buildActionMask = 2147483647;
			files = (
				EB20B93F2B51D66D00848184 /* BilboSwashCaps-Regular.ttf in Resources */,
				EB0835512B65081500D891C0 /* Localizable.strings in Resources */,
				EB20B9412B51DF0600848184 /* Aldrich-Regular.ttf in Resources */,
				EB20B9382B51C78400848184 /* Assets.xcassets in Resources */,
			);
			runOnlyForDeploymentPostprocessing = 0;
		};
/* End PBXResourcesBuildPhase section */

/* Begin PBXSourcesBuildPhase section */
		EB20B8F72B516C3300848184 /* Sources */ = {
			isa = PBXSourcesBuildPhase;
			buildActionMask = 2147483647;
			files = (
				EB53E5F42B612FDA00578E86 /* UIFont+Extensions.swift in Sources */,
				EB53E5FE2B616C2800578E86 /* CacheItems.swift in Sources */,
				EB20B9182B51743D00848184 /* MainTabbarViewController.swift in Sources */,
				EB53E6022B6173FD00578E86 /* LoginViewController.swift in Sources */,
				EB20B9432B51E25F00848184 /* SpaceEnums.swift in Sources */,
				EB20B8FF2B516C3300848184 /* AppDelegate.swift in Sources */,
				EB91B4442B80BDEB00841C16 /* FontConstants.swift in Sources */,
				EB20B93A2B51CBD400848184 /* ImageEnums.swift in Sources */,
				EB20B92F2B51A0BB00848184 /* LaunchScreenViewController.swift in Sources */,
				EB20B9342B51B22400848184 /* AnimationEnums.swift in Sources */,
				EB20B9212B51787E00848184 /* StringConstants.swift in Sources */,
				EB53E5EF2B612A2D00578E86 /* ThemeColor.swift in Sources */,
				EB20B93C2B51D37A00848184 /* TextSizeEnums.swift in Sources */,
				EB53E5ED2B61299000578E86 /* Theme.swift in Sources */,
				EB53E5E32B61206E00578E86 /* OnboardViewController.swift in Sources */,
				EB53E5FB2B6144D300578E86 /* Collection.swift in Sources */,
				EB53E5F12B612A3500578E86 /* ThemeFont.swift in Sources */,
				EB08354D2B65067800D891C0 /* String+Extension.swift in Sources */,
				EB20B9012B516C3300848184 /* SceneDelegate.swift in Sources */,
				EB53E5F92B613A1400578E86 /* OnboardViewModel.swift in Sources */,
				EB20B91C2B51776700848184 /* HomeViewController.swift in Sources */,
				EB53E5F72B6139A600578E86 /* OnboardModel.swift in Sources */,
				EB20B9242B517A6300848184 /* SystemImageEnums.swift in Sources */,
				EB20B9362B51B91900848184 /* ImageSizeEnums.swift in Sources */,
				EB20B91E2B51777800848184 /* FavoriteViewController.swift in Sources */,
			);
			runOnlyForDeploymentPostprocessing = 0;
		};
/* End PBXSourcesBuildPhase section */

/* Begin PBXVariantGroup section */
		EB0835532B65081500D891C0 /* Localizable.strings */ = {
			isa = PBXVariantGroup;
			children = (
				EB0835522B65081500D891C0 /* en */,
				EB0835542B65081700D891C0 /* tr */,
			);
			name = Localizable.strings;
			sourceTree = "<group>";
		};
/* End PBXVariantGroup section */

/* Begin XCBuildConfiguration section */
		EB20B90D2B516C3400848184 /* Debug */ = {
			isa = XCBuildConfiguration;
			buildSettings = {
				ALWAYS_SEARCH_USER_PATHS = NO;
				ASSETCATALOG_COMPILER_GENERATE_SWIFT_ASSET_SYMBOL_EXTENSIONS = YES;
				CLANG_ANALYZER_NONNULL = YES;
				CLANG_ANALYZER_NUMBER_OBJECT_CONVERSION = YES_AGGRESSIVE;
				CLANG_CXX_LANGUAGE_STANDARD = "gnu++20";
				CLANG_ENABLE_MODULES = YES;
				CLANG_ENABLE_OBJC_ARC = YES;
				CLANG_ENABLE_OBJC_WEAK = YES;
				CLANG_WARN_BLOCK_CAPTURE_AUTORELEASING = YES;
				CLANG_WARN_BOOL_CONVERSION = YES;
				CLANG_WARN_COMMA = YES;
				CLANG_WARN_CONSTANT_CONVERSION = YES;
				CLANG_WARN_DEPRECATED_OBJC_IMPLEMENTATIONS = YES;
				CLANG_WARN_DIRECT_OBJC_ISA_USAGE = YES_ERROR;
				CLANG_WARN_DOCUMENTATION_COMMENTS = YES;
				CLANG_WARN_EMPTY_BODY = YES;
				CLANG_WARN_ENUM_CONVERSION = YES;
				CLANG_WARN_INFINITE_RECURSION = YES;
				CLANG_WARN_INT_CONVERSION = YES;
				CLANG_WARN_NON_LITERAL_NULL_CONVERSION = YES;
				CLANG_WARN_OBJC_IMPLICIT_RETAIN_SELF = YES;
				CLANG_WARN_OBJC_LITERAL_CONVERSION = YES;
				CLANG_WARN_OBJC_ROOT_CLASS = YES_ERROR;
				CLANG_WARN_QUOTED_INCLUDE_IN_FRAMEWORK_HEADER = YES;
				CLANG_WARN_RANGE_LOOP_ANALYSIS = YES;
				CLANG_WARN_STRICT_PROTOTYPES = YES;
				CLANG_WARN_SUSPICIOUS_MOVE = YES;
				CLANG_WARN_UNGUARDED_AVAILABILITY = YES_AGGRESSIVE;
				CLANG_WARN_UNREACHABLE_CODE = YES;
				CLANG_WARN__DUPLICATE_METHOD_MATCH = YES;
				COPY_PHASE_STRIP = NO;
				DEBUG_INFORMATION_FORMAT = dwarf;
				ENABLE_STRICT_OBJC_MSGSEND = YES;
				ENABLE_TESTABILITY = YES;
				ENABLE_USER_SCRIPT_SANDBOXING = YES;
				GCC_C_LANGUAGE_STANDARD = gnu17;
				GCC_DYNAMIC_NO_PIC = NO;
				GCC_NO_COMMON_BLOCKS = YES;
				GCC_OPTIMIZATION_LEVEL = 0;
				GCC_PREPROCESSOR_DEFINITIONS = (
					"DEBUG=1",
					"$(inherited)",
				);
				GCC_WARN_64_TO_32_BIT_CONVERSION = YES;
				GCC_WARN_ABOUT_RETURN_TYPE = YES_ERROR;
				GCC_WARN_UNDECLARED_SELECTOR = YES;
				GCC_WARN_UNINITIALIZED_AUTOS = YES_AGGRESSIVE;
				GCC_WARN_UNUSED_FUNCTION = YES;
				GCC_WARN_UNUSED_VARIABLE = YES;
				IPHONEOS_DEPLOYMENT_TARGET = 14.0;
				LOCALIZATION_PREFERS_STRING_CATALOGS = YES;
				MTL_ENABLE_DEBUG_INFO = INCLUDE_SOURCE;
				MTL_FAST_MATH = YES;
				ONLY_ACTIVE_ARCH = YES;
				SDKROOT = iphoneos;
				SWIFT_ACTIVE_COMPILATION_CONDITIONS = "DEBUG $(inherited)";
				SWIFT_OPTIMIZATION_LEVEL = "-Onone";
			};
			name = Debug;
		};
		EB20B90E2B516C3400848184 /* Release */ = {
			isa = XCBuildConfiguration;
			buildSettings = {
				ALWAYS_SEARCH_USER_PATHS = NO;
				ASSETCATALOG_COMPILER_GENERATE_SWIFT_ASSET_SYMBOL_EXTENSIONS = YES;
				CLANG_ANALYZER_NONNULL = YES;
				CLANG_ANALYZER_NUMBER_OBJECT_CONVERSION = YES_AGGRESSIVE;
				CLANG_CXX_LANGUAGE_STANDARD = "gnu++20";
				CLANG_ENABLE_MODULES = YES;
				CLANG_ENABLE_OBJC_ARC = YES;
				CLANG_ENABLE_OBJC_WEAK = YES;
				CLANG_WARN_BLOCK_CAPTURE_AUTORELEASING = YES;
				CLANG_WARN_BOOL_CONVERSION = YES;
				CLANG_WARN_COMMA = YES;
				CLANG_WARN_CONSTANT_CONVERSION = YES;
				CLANG_WARN_DEPRECATED_OBJC_IMPLEMENTATIONS = YES;
				CLANG_WARN_DIRECT_OBJC_ISA_USAGE = YES_ERROR;
				CLANG_WARN_DOCUMENTATION_COMMENTS = YES;
				CLANG_WARN_EMPTY_BODY = YES;
				CLANG_WARN_ENUM_CONVERSION = YES;
				CLANG_WARN_INFINITE_RECURSION = YES;
				CLANG_WARN_INT_CONVERSION = YES;
				CLANG_WARN_NON_LITERAL_NULL_CONVERSION = YES;
				CLANG_WARN_OBJC_IMPLICIT_RETAIN_SELF = YES;
				CLANG_WARN_OBJC_LITERAL_CONVERSION = YES;
				CLANG_WARN_OBJC_ROOT_CLASS = YES_ERROR;
				CLANG_WARN_QUOTED_INCLUDE_IN_FRAMEWORK_HEADER = YES;
				CLANG_WARN_RANGE_LOOP_ANALYSIS = YES;
				CLANG_WARN_STRICT_PROTOTYPES = YES;
				CLANG_WARN_SUSPICIOUS_MOVE = YES;
				CLANG_WARN_UNGUARDED_AVAILABILITY = YES_AGGRESSIVE;
				CLANG_WARN_UNREACHABLE_CODE = YES;
				CLANG_WARN__DUPLICATE_METHOD_MATCH = YES;
				COPY_PHASE_STRIP = NO;
				DEBUG_INFORMATION_FORMAT = "dwarf-with-dsym";
				ENABLE_NS_ASSERTIONS = NO;
				ENABLE_STRICT_OBJC_MSGSEND = YES;
				ENABLE_USER_SCRIPT_SANDBOXING = YES;
				GCC_C_LANGUAGE_STANDARD = gnu17;
				GCC_NO_COMMON_BLOCKS = YES;
				GCC_WARN_64_TO_32_BIT_CONVERSION = YES;
				GCC_WARN_ABOUT_RETURN_TYPE = YES_ERROR;
				GCC_WARN_UNDECLARED_SELECTOR = YES;
				GCC_WARN_UNINITIALIZED_AUTOS = YES_AGGRESSIVE;
				GCC_WARN_UNUSED_FUNCTION = YES;
				GCC_WARN_UNUSED_VARIABLE = YES;
				IPHONEOS_DEPLOYMENT_TARGET = 14.0;
				LOCALIZATION_PREFERS_STRING_CATALOGS = YES;
				MTL_ENABLE_DEBUG_INFO = NO;
				MTL_FAST_MATH = YES;
				SDKROOT = iphoneos;
				SWIFT_COMPILATION_MODE = wholemodule;
				VALIDATE_PRODUCT = YES;
			};
			name = Release;
		};
		EB20B9102B516C3400848184 /* Debug */ = {
			isa = XCBuildConfiguration;
			buildSettings = {
				ASSETCATALOG_COMPILER_APPICON_NAME = AppIcon;
				ASSETCATALOG_COMPILER_GLOBAL_ACCENT_COLOR_NAME = AccentColor;
				CODE_SIGN_STYLE = Automatic;
				CURRENT_PROJECT_VERSION = 1;
				DEVELOPMENT_TEAM = SURBTN8MP7;
				GENERATE_INFOPLIST_FILE = YES;
				INFOPLIST_FILE = "Travelogue-Swift/Core/Supported/Info.plist";
				INFOPLIST_KEY_UIApplicationSupportsIndirectInputEvents = YES;
				INFOPLIST_KEY_UILaunchStoryboardName = LaunchScreen;
				INFOPLIST_KEY_UISupportedInterfaceOrientations_iPad = "UIInterfaceOrientationPortrait UIInterfaceOrientationPortraitUpsideDown UIInterfaceOrientationLandscapeLeft UIInterfaceOrientationLandscapeRight";
				INFOPLIST_KEY_UISupportedInterfaceOrientations_iPhone = "UIInterfaceOrientationPortrait UIInterfaceOrientationLandscapeLeft UIInterfaceOrientationLandscapeRight";
				IPHONEOS_DEPLOYMENT_TARGET = 13.0;
				LD_RUNPATH_SEARCH_PATHS = (
					"$(inherited)",
					"@executable_path/Frameworks",
				);
				MARKETING_VERSION = 1.0;
				PRODUCT_BUNDLE_IDENTIFIER = "com.okanorkun.Travelogue-Swift";
				PRODUCT_NAME = "$(TARGET_NAME)";
				SUPPORTED_PLATFORMS = "iphoneos iphonesimulator";
				SUPPORTS_MACCATALYST = NO;
				SUPPORTS_MAC_DESIGNED_FOR_IPHONE_IPAD = NO;
				SUPPORTS_XR_DESIGNED_FOR_IPHONE_IPAD = NO;
				SWIFT_EMIT_LOC_STRINGS = YES;
				SWIFT_VERSION = 5.0;
				TARGETED_DEVICE_FAMILY = "1,2";
			};
			name = Debug;
		};
		EB20B9112B516C3400848184 /* Release */ = {
			isa = XCBuildConfiguration;
			buildSettings = {
				ASSETCATALOG_COMPILER_APPICON_NAME = AppIcon;
				ASSETCATALOG_COMPILER_GLOBAL_ACCENT_COLOR_NAME = AccentColor;
				CODE_SIGN_STYLE = Automatic;
				CURRENT_PROJECT_VERSION = 1;
				DEVELOPMENT_TEAM = SURBTN8MP7;
				GENERATE_INFOPLIST_FILE = YES;
				INFOPLIST_FILE = "Travelogue-Swift/Core/Supported/Info.plist";
				INFOPLIST_KEY_UIApplicationSupportsIndirectInputEvents = YES;
				INFOPLIST_KEY_UILaunchStoryboardName = LaunchScreen;
				INFOPLIST_KEY_UISupportedInterfaceOrientations_iPad = "UIInterfaceOrientationPortrait UIInterfaceOrientationPortraitUpsideDown UIInterfaceOrientationLandscapeLeft UIInterfaceOrientationLandscapeRight";
				INFOPLIST_KEY_UISupportedInterfaceOrientations_iPhone = "UIInterfaceOrientationPortrait UIInterfaceOrientationLandscapeLeft UIInterfaceOrientationLandscapeRight";
				IPHONEOS_DEPLOYMENT_TARGET = 13.0;
				LD_RUNPATH_SEARCH_PATHS = (
					"$(inherited)",
					"@executable_path/Frameworks",
				);
				MARKETING_VERSION = 1.0;
				PRODUCT_BUNDLE_IDENTIFIER = "com.okanorkun.Travelogue-Swift";
				PRODUCT_NAME = "$(TARGET_NAME)";
				SUPPORTED_PLATFORMS = "iphoneos iphonesimulator";
				SUPPORTS_MACCATALYST = NO;
				SUPPORTS_MAC_DESIGNED_FOR_IPHONE_IPAD = NO;
				SUPPORTS_XR_DESIGNED_FOR_IPHONE_IPAD = NO;
				SWIFT_EMIT_LOC_STRINGS = YES;
				SWIFT_VERSION = 5.0;
				TARGETED_DEVICE_FAMILY = "1,2";
			};
			name = Release;
		};
/* End XCBuildConfiguration section */

/* Begin XCConfigurationList section */
		EB20B8F62B516C3300848184 /* Build configuration list for PBXProject "Travelogue-Swift" */ = {
			isa = XCConfigurationList;
			buildConfigurations = (
				EB20B90D2B516C3400848184 /* Debug */,
				EB20B90E2B516C3400848184 /* Release */,
			);
			defaultConfigurationIsVisible = 0;
			defaultConfigurationName = Release;
		};
		EB20B90F2B516C3400848184 /* Build configuration list for PBXNativeTarget "Travelogue-Swift" */ = {
			isa = XCConfigurationList;
			buildConfigurations = (
				EB20B9102B516C3400848184 /* Debug */,
				EB20B9112B516C3400848184 /* Release */,
			);
			defaultConfigurationIsVisible = 0;
			defaultConfigurationName = Release;
		};
/* End XCConfigurationList section */

/* Begin XCRemoteSwiftPackageReference section */
		EB20B9252B518F2A00848184 /* XCRemoteSwiftPackageReference "lottie-ios" */ = {
			isa = XCRemoteSwiftPackageReference;
			repositoryURL = "https://github.com/airbnb/lottie-ios.git";
			requirement = {
				kind = upToNextMajorVersion;
				minimumVersion = 4.3.4;
			};
		};
/* End XCRemoteSwiftPackageReference section */

/* Begin XCSwiftPackageProductDependency section */
		EB20B9262B518F2A00848184 /* Lottie */ = {
			isa = XCSwiftPackageProductDependency;
			package = EB20B9252B518F2A00848184 /* XCRemoteSwiftPackageReference "lottie-ios" */;
			productName = Lottie;
		};
/* End XCSwiftPackageProductDependency section */
	};
	rootObject = EB20B8F32B516C3300848184 /* Project object */;
}
